
Microsoft Visual Studio Solution File, Format Version 12.00
# Visual Studio Version 17
VisualStudioVersion = 17.5.33530.505
MinimumVisualStudioVersion = 10.0.40219.1
Project("{FAE04EC0-301F-11D3-BF4B-00C04F79EFBC}") = "winfrom", "winfrom\winfrom.csproj", "{5103EEE3-CD31-4C9C-99C9-19AFFC4ED76E}"
EndProject
Global
	GlobalSection(SolutionConfigurationPlatforms) = preSolution
		Debug|Any CPU = Debug|Any CPU
		Release|Any CPU = Release|Any CPU
	EndGlobalSection
	GlobalSection(ProjectConfigurationPlatforms) = postSolution
		{5103EEE3-CD31-4C9C-99C9-19AFFC4ED76E}.Debug|Any CPU.ActiveCfg = Debug|Any CPU
		{5103EEE3-CD31-4C9C-99C9-19AFFC4ED76E}.Debug|Any CPU.Build.0 = Debug|Any CPU
		{5103EEE3-CD31-4C9C-99C9-19AFFC4ED76E}.Release|Any CPU.ActiveCfg = Release|Any CPU
		{5103EEE3-CD31-4C9C-99C9-19AFFC4ED76E}.Release|Any CPU.Build.0 = Release|Any CPU
	EndGlobalSection
	GlobalSection(SolutionProperties) = preSolution
		HideSolutionNode = FALSE
	EndGlobalSection
	GlobalSection(ExtensibilityGlobals) = postSolution
		SolutionGuid = {0C192858-E1FF-4EBE-B1DA-9C6D9297306C}
	EndGlobalSection
EndGlobal
